
Microsoft Visual Studio Solution File, Format Version 12.00
# Visual Studio Version 17
VisualStudioVersion = 17.10.34916.146
MinimumVisualStudioVersion = 10.0.40219.1
Project("{FAE04EC0-301F-11D3-BF4B-00C04F79EFBC}") = "PRG282Project", "PRG282Project.csproj", "{BC2FBA3C-038D-4D83-A7EC-40687BEE37FA}"
EndProject
Global
	GlobalSection(SolutionConfigurationPlatforms) = preSolution
		Debug|Any CPU = Debug|Any CPU
		Release|Any CPU = Release|Any CPU
	EndGlobalSection
	GlobalSection(ProjectConfigurationPlatforms) = postSolution
		{BC2FBA3C-038D-4D83-A7EC-40687BEE37FA}.Debug|Any CPU.ActiveCfg = Debug|Any CPU
		{BC2FBA3C-038D-4D83-A7EC-40687BEE37FA}.Debug|Any CPU.Build.0 = Debug|Any CPU
		{BC2FBA3C-038D-4D83-A7EC-40687BEE37FA}.Release|Any CPU.ActiveCfg = Release|Any CPU
		{BC2FBA3C-038D-4D83-A7EC-40687BEE37FA}.Release|Any CPU.Build.0 = Release|Any CPU
	EndGlobalSection
	GlobalSection(SolutionProperties) = preSolution
		HideSolutionNode = FALSE
	EndGlobalSection
	GlobalSection(ExtensibilityGlobals) = postSolution
		SolutionGuid = {E3072C31-5806-4477-BC05-B6FBDDF2F1A7}
	EndGlobalSection
EndGlobal
